{
  "name": "cognito-email-auth-backend",
  "version": "1.0.0",
  "lockfileVersion": 2,
  "requires": true,
  "packages": {
    "": {
      "name": "cognito-email-auth-backend",
      "version": "1.0.0",
      "hasInstallScript": true,
      "license": "MIT",
      "dependencies": {
        "@types/aws-lambda": "^8.10.71",
        "@types/node": "^14.14.22",
        "crypto-secure-random-digit": "^1.0.9",
        "typescript": "^4.1.3"
      },
      "devDependencies": {}
    },
    "node_modules/@types/aws-lambda": {
      "version": "8.10.103",
      "resolved": "https://registry.npmjs.org/@types/aws-lambda/-/aws-lambda-8.10.103.tgz",
      "integrity": "sha512-mYWsrM5YPmnyJru7kMDX8RYSc486sDqVOP1kUdotthD3YjJ57iTBN3N7MMtL1qdVoPW2YmCnNnWscyidmPe6Gw=="
    },
    "node_modules/@types/node": {
      "version": "14.18.28",
      "resolved": "https://registry.npmjs.org/@types/node/-/node-14.18.28.tgz",
      "integrity": "sha512-CK2fnrQlIgKlCV3N2kM+Gznb5USlwA1KFX3rJVHmgVk6NJxFPuQ86pAcvKnu37IA4BGlSRz7sEE1lHL1aLZ/eQ=="
    },
    "node_modules/crypto-secure-random-digit": {
      "version": "1.0.10",
      "resolved": "https://registry.npmjs.org/crypto-secure-random-digit/-/crypto-secure-random-digit-1.0.10.tgz",
      "integrity": "sha512-s8lDlKys87l8++pXrY8SxX3Uu31lQrpQDlPRGmR4r3y3iRqQiXj9ejAF1TsCU4w38mIXR72D571ujqzT+rcpCA=="
    },
    "node_modules/typescript": {
      "version": "4.8.3",
      "resolved": "https://registry.npmjs.org/typescript/-/typescript-4.8.3.tgz",
      "integrity": "sha512-goMHfm00nWPa8UvR/CPSvykqf6dVV8x/dp0c5mFTMTIu0u0FlGWRioyy7Nn0PGAdHxpJZnuO/ut+PpQ8UiHAig==",
      "bin": {
        "tsc": "bin/tsc",
        "tsserver": "bin/tsserver"
      },
      "engines": {
        "node": ">=4.2.0"
      }
    }
  },
  "dependencies": {
    "@types/aws-lambda": {
      "version": "8.10.103",
      "resolved": "https://registry.npmjs.org/@types/aws-lambda/-/aws-lambda-8.10.103.tgz",
      "integrity": "sha512-mYWsrM5YPmnyJru7kMDX8RYSc486sDqVOP1kUdotthD3YjJ57iTBN3N7MMtL1qdVoPW2YmCnNnWscyidmPe6Gw=="
    },
    "@types/node": {
      "version": "14.18.28",
      "resolved": "https://registry.npmjs.org/@types/node/-/node-14.18.28.tgz",
      "integrity": "sha512-CK2fnrQlIgKlCV3N2kM+Gznb5USlwA1KFX3rJVHmgVk6NJxFPuQ86pAcvKnu37IA4BGlSRz7sEE1lHL1aLZ/eQ=="
    },
    "crypto-secure-random-digit": {
      "version": "1.0.10",
      "resolved": "https://registry.npmjs.org/crypto-secure-random-digit/-/crypto-secure-random-digit-1.0.10.tgz",
      "integrity": "sha512-s8lDlKys87l8++pXrY8SxX3Uu31lQrpQDlPRGmR4r3y3iRqQiXj9ejAF1TsCU4w38mIXR72D571ujqzT+rcpCA=="
    },
    "typescript": {
      "version": "4.8.3",
      "resolved": "https://registry.npmjs.org/typescript/-/typescript-4.8.3.tgz",
      "integrity": "sha512-goMHfm00nWPa8UvR/CPSvykqf6dVV8x/dp0c5mFTMTIu0u0FlGWRioyy7Nn0PGAdHxpJZnuO/ut+PpQ8UiHAig=="
    }
  }
}
